PODS:
  - Realm (10.11.0):
    - Realm/Headers (= 10.11.0)
  - Realm/Headers (10.11.0)
  - RealmSwift (10.11.0):
    - Realm (= 10.11.0)
  - SwiftLint (0.43.1)
  - SwiftyVK (3.4.2)

DEPENDENCIES:
  - RealmSwift
  - SwiftLint
  - SwiftyVK

SPEC REPOS:
  trunk:
    - Realm
    - RealmSwift
    - SwiftLint
    - SwiftyVK

SPEC CHECKSUMS:
  Realm: 39ff23f0f709cd4ed93eb47ee6593c2158945b38
  RealmSwift: 42713e09a8631070d6c12c3c5fb22b8edc1daa41
  SwiftLint: 99f82d07b837b942dd563c668de129a03fc3fb52
  SwiftyVK: 5005dac6e85f7b0fd44e21ed2f021a397dff4cab

PODFILE CHECKSUM: 7e80fffb46f95c5d9899c672066ca6e97d33e42b

COCOAPODS: 1.10.1
